// !$*UTF8*$!
{
	archiveVersion = 1;
	classes = {
	};
	objectVersion = 46;
	objects = {

/* Begin PBXBuildFile section */
		415133041467F3850035356E /* UIKit.framework in Frameworks */ = {isa = PBXBuildFile; fileRef = 415133031467F3850035356E /* UIKit.framework */; };
		415133061467F3850035356E /* Foundation.framework in Frameworks */ = {isa = PBXBuildFile; fileRef = 415133051467F3850035356E /* Foundation.framework */; };
		415133081467F3850035356E /* CoreGraphics.framework in Frameworks */ = {isa = PBXBuildFile; fileRef = 415133071467F3850035356E /* CoreGraphics.framework */; };
		4151330E1467F3850035356E /* InfoPlist.strings in Resources */ = {isa = PBXBuildFile; fileRef = 4151330C1467F3850035356E /* InfoPlist.strings */; };
		415133101467F3850035356E /* main.m in Sources */ = {isa = PBXBuildFile; fileRef = 4151330F1467F3850035356E /* main.m */; };
		415133141467F3850035356E /* AppDelegate.m in Sources */ = {isa = PBXBuildFile; fileRef = 415133131467F3850035356E /* AppDelegate.m */; };
		415133171467F3850035356E /* ViewController.m in Sources */ = {isa = PBXBuildFile; fileRef = 415133161467F3850035356E /* ViewController.m */; };
		4151331A1467F3850035356E /* ViewController.xib in Resources */ = {isa = PBXBuildFile; fileRef = 415133181467F3850035356E /* ViewController.xib */; };
		415133221467F3850035356E /* SenTestingKit.framework in Frameworks */ = {isa = PBXBuildFile; fileRef = 415133211467F3850035356E /* SenTestingKit.framework */; };
		415133231467F3850035356E /* UIKit.framework in Frameworks */ = {isa = PBXBuildFile; fileRef = 415133031467F3850035356E /* UIKit.framework */; };
		415133241467F3850035356E /* Foundation.framework in Frameworks */ = {isa = PBXBuildFile; fileRef = 415133051467F3850035356E /* Foundation.framework */; };
		4151332C1467F3850035356E /* InfoPlist.strings in Resources */ = {isa = PBXBuildFile; fileRef = 4151332A1467F3850035356E /* InfoPlist.strings */; };
		4151332F1467F3850035356E /* CameraAnnoTests.m in Sources */ = {isa = PBXBuildFile; fileRef = 4151332E1467F3850035356E /* CameraAnnoTests.m */; };
		4169356914694C2D004C86F6 /* Tab1Controller.m in Sources */ = {isa = PBXBuildFile; fileRef = 4169356714694C2D004C86F6 /* Tab1Controller.m */; };
		4169356A14694C2D004C86F6 /* Tab1Controller.xib in Resources */ = {isa = PBXBuildFile; fileRef = 4169356814694C2D004C86F6 /* Tab1Controller.xib */; };
/* End PBXBuildFile section */

/* Begin PBXContainerItemProxy section */
		415133251467F3850035356E /* PBXContainerItemProxy */ = {
			isa = PBXContainerItemProxy;
			containerPortal = 415132F61467F3850035356E /* Project object */;
			proxyType = 1;
			remoteGlobalIDString = 415132FE1467F3850035356E;
			remoteInfo = CameraAnno;
		};
/* End PBXContainerItemProxy section */

/* Begin PBXFileReference section */
		415132FF1467F3850035356E /* CameraAnno.app */ = {isa = PBXFileReference; explicitFileType = wrapper.application; includeInIndex = 0; path = CameraAnno.app; sourceTree = BUILT_PRODUCTS_DIR; };
		415133031467F3850035356E /* UIKit.framework */ = {isa = PBXFileReference; lastKnownFileType = wrapper.framework; name = UIKit.framework; path = System/Library/Frameworks/UIKit.framework; sourceTree = SDKROOT; };
		415133051467F3850035356E /* Foundation.framework */ = {isa = PBXFileReference; lastKnownFileType = wrapper.framework; name = Foundation.framework; path = System/Library/Frameworks/Foundation.framework; sourceTree = SDKROOT; };
		415133071467F3850035356E /* CoreGraphics.framework */ = {isa = PBXFileReference; lastKnownFileType = wrapper.framework; name = CoreGraphics.framework; path = System/Library/Frameworks/CoreGraphics.framework; sourceTree = SDKROOT; };
		4151330B1467F3850035356E /* CameraAnno-Info.plist */ = {isa = PBXFileReference; lastKnownFileType = text.plist.xml; path = "CameraAnno-Info.plist"; sourceTree = "<group>"; };
		4151330D1467F3850035356E /* en */ = {isa = PBXFileReference; lastKnownFileType = text.plist.strings; name = en; path = en.lproj/InfoPlist.strings; sourceTree = "<group>"; };
		4151330F1467F3850035356E /* main.m */ = {isa = PBXFileReference; lastKnownFileType = sourcecode.c.objc; path = main.m; sourceTree = "<group>"; };
		415133111467F3850035356E /* CameraAnno-Prefix.pch */ = {isa = PBXFileReference; lastKnownFileType = sourcecode.c.h; path = "CameraAnno-Prefix.pch"; sourceTree = "<group>"; };
		415133121467F3850035356E /* AppDelegate.h */ = {isa = PBXFileReference; lastKnownFileType = sourcecode.c.h; path = AppDelegate.h; sourceTree = "<group>"; };
		415133131467F3850035356E /* AppDelegate.m */ = {isa = PBXFileReference; lastKnownFileType = sourcecode.c.objc; path = AppDelegate.m; sourceTree = "<group>"; };
		415133151467F3850035356E /* ViewController.h */ = {isa = PBXFileReference; lastKnownFileType = sourcecode.c.h; path = ViewController.h; sourceTree = "<group>"; };
		415133161467F3850035356E /* ViewController.m */ = {isa = PBXFileReference; lastKnownFileType = sourcecode.c.objc; path = ViewController.m; sourceTree = "<group>"; };
		415133191467F3850035356E /* en */ = {isa = PBXFileReference; lastKnownFileType = file.xib; name = en; path = en.lproj/ViewController.xib; sourceTree = "<group>"; };
		415133201467F3850035356E /* CameraAnnoTests.octest */ = {isa = PBXFileReference; explicitFileType = wrapper.cfbundle; includeInIndex = 0; path = CameraAnnoTests.octest; sourceTree = BUILT_PRODUCTS_DIR; };
		415133211467F3850035356E /* SenTestingKit.framework */ = {isa = PBXFileReference; lastKnownFileType = wrapper.framework; name = SenTestingKit.framework; path = Library/Frameworks/SenTestingKit.framework; sourceTree = DEVELOPER_DIR; };
		415133291467F3850035356E /* CameraAnnoTests-Info.plist */ = {isa = PBXFileReference; lastKnownFileType = text.plist.xml; path = "CameraAnnoTests-Info.plist"; sourceTree = "<group>"; };
		4151332B1467F3850035356E /* en */ = {isa = PBXFileReference; lastKnownFileType = text.plist.strings; name = en; path = en.lproj/InfoPlist.strings; sourceTree = "<group>"; };
		4151332D1467F3850035356E /* CameraAnnoTests.h */ = {isa = PBXFileReference; lastKnownFileType = sourcecode.c.h; path = CameraAnnoTests.h; sourceTree = "<group>"; };
		4151332E1467F3850035356E /* CameraAnnoTests.m */ = {isa = PBXFileReference; lastKnownFileType = sourcecode.c.objc; path = CameraAnnoTests.m; sourceTree = "<group>"; };
		4169356614694C2D004C86F6 /* Tab1Controller.h */ = {isa = PBXFileReference; fileEncoding = 4; lastKnownFileType = sourcecode.c.h; path = Tab1Controller.h; sourceTree = "<group>"; };
		4169356714694C2D004C86F6 /* Tab1Controller.m */ = {isa = PBXFileReference; fileEncoding = 4; lastKnownFileType = sourcecode.c.objc; path = Tab1Controller.m; sourceTree = "<group>"; };
		4169356814694C2D004C86F6 /* Tab1Controller.xib */ = {isa = PBXFileReference; fileEncoding = 4; lastKnownFileType = file.xib; path = Tab1Controller.xib; sourceTree = "<group>"; };
/* End PBXFileReference section */

/* Begin PBXFrameworksBuildPhase section */
		415132FC1467F3850035356E /* Frameworks */ = {
			isa = PBXFrameworksBuildPhase;
			buildActionMask = 2147483647;
			files = (
				415133041467F3850035356E /* UIKit.framework in Frameworks */,
				415133061467F3850035356E /* Foundation.framework in Frameworks */,
				415133081467F3850035356E /* CoreGraphics.framework in Frameworks */,
			);
			runOnlyForDeploymentPostprocessing = 0;
		};
		4151331C1467F3850035356E /* Frameworks */ = {
			isa = PBXFrameworksBuildPhase;
			buildActionMask = 2147483647;
			files = (
				415133221467F3850035356E /* SenTestingKit.framework in Frameworks */,
				415133231467F3850035356E /* UIKit.framework in Frameworks */,
				415133241467F3850035356E /* Foundation.framework in Frameworks */,
			);
			runOnlyForDeploymentPostprocessing = 0;
		};
/* End PBXFrameworksBuildPhase section */

/* Begin PBXGroup section */
		415132F41467F3850035356E = {
			isa = PBXGroup;
			children = (
				415133091467F3850035356E /* CameraAnno */,
				415133271467F3850035356E /* CameraAnnoTests */,
				415133021467F3850035356E /* Frameworks */,
				415133001467F3850035356E /* Products */,
			);
			sourceTree = "<group>";
		};
		415133001467F3850035356E /* Products */ = {
			isa = PBXGroup;
			children = (
				415132FF1467F3850035356E /* CameraAnno.app */,
				415133201467F3850035356E /* CameraAnnoTests.octest */,
			);
			name = Products;
			sourceTree = "<group>";
		};
		415133021467F3850035356E /* Frameworks */ = {
			isa = PBXGroup;
			children = (
				415133031467F3850035356E /* UIKit.framework */,
				415133051467F3850035356E /* Foundation.framework */,
				415133071467F3850035356E /* CoreGraphics.framework */,
				415133211467F3850035356E /* SenTestingKit.framework */,
			);
			name = Frameworks;
			sourceTree = "<group>";
		};
		415133091467F3850035356E /* CameraAnno */ = {
			isa = PBXGroup;
			children = (
				415133121467F3850035356E /* AppDelegate.h */,
				415133131467F3850035356E /* AppDelegate.m */,
				415133151467F3850035356E /* ViewController.h */,
				415133161467F3850035356E /* ViewController.m */,
				415133181467F3850035356E /* ViewController.xib */,
				4151330A1467F3850035356E /* Supporting Files */,
				4169356614694C2D004C86F6 /* Tab1Controller.h */,
				4169356714694C2D004C86F6 /* Tab1Controller.m */,
				4169356814694C2D004C86F6 /* Tab1Controller.xib */,
			);
			path = CameraAnno;
			sourceTree = "<group>";
		};
		4151330A1467F3850035356E /* Supporting Files */ = {
			isa = PBXGroup;
			children = (
				4151330B1467F3850035356E /* CameraAnno-Info.plist */,
				4151330C1467F3850035356E /* InfoPlist.strings */,
				4151330F1467F3850035356E /* main.m */,
				415133111467F3850035356E /* CameraAnno-Prefix.pch */,
			);
			name = "Supporting Files";
			sourceTree = "<group>";
		};
		415133271467F3850035356E /* CameraAnnoTests */ = {
			isa = PBXGroup;
			children = (
				4151332D1467F3850035356E /* CameraAnnoTests.h */,
				4151332E1467F3850035356E /* CameraAnnoTests.m */,
				415133281467F3850035356E /* Supporting Files */,
			);
			path = CameraAnnoTests;
			sourceTree = "<group>";
		};
		415133281467F3850035356E /* Supporting Files */ = {
			isa = PBXGroup;
			children = (
				415133291467F3850035356E /* CameraAnnoTests-Info.plist */,
				4151332A1467F3850035356E /* InfoPlist.strings */,
			);
			name = "Supporting Files";
			sourceTree = "<group>";
		};
/* End PBXGroup section */

/* Begin PBXNativeTarget section */
		415132FE1467F3850035356E /* CameraAnno */ = {
			isa = PBXNativeTarget;
			buildConfigurationList = 415133321467F3850035356E /* Build configuration list for PBXNativeTarget "CameraAnno" */;
			buildPhases = (
				415132FB1467F3850035356E /* Sources */,
				415132FC1467F3850035356E /* Frameworks */,
				415132FD1467F3850035356E /* Resources */,
			);
			buildRules = (
			);
			dependencies = (
			);
			name = CameraAnno;
			productName = CameraAnno;
			productReference = 415132FF1467F3850035356E /* CameraAnno.app */;
			productType = "com.apple.product-type.application";
		};
		4151331F1467F3850035356E /* CameraAnnoTests */ = {
			isa = PBXNativeTarget;
			buildConfigurationList = 415133351467F3850035356E /* Build configuration list for PBXNativeTarget "CameraAnnoTests" */;
			buildPhases = (
				4151331B1467F3850035356E /* Sources */,
				4151331C1467F3850035356E /* Frameworks */,
				4151331D1467F3850035356E /* Resources */,
				4151331E1467F3850035356E /* ShellScript */,
			);
			buildRules = (
			);
			dependencies = (
				415133261467F3850035356E /* PBXTargetDependency */,
			);
			name = CameraAnnoTests;
			productName = CameraAnnoTests;
			productReference = 415133201467F3850035356E /* CameraAnnoTests.octest */;
			productType = "com.apple.product-type.bundle";
		};
/* End PBXNativeTarget section */

/* Begin PBXProject section */
		415132F61467F3850035356E /* Project object */ = {
			isa = PBXProject;
			attributes = {
				LastUpgradeCheck = 0420;
			};
			buildConfigurationList = 415132F91467F3850035356E /* Build configuration list for PBXProject "CameraAnno" */;
			compatibilityVersion = "Xcode 3.2";
			developmentRegion = English;
			hasScannedForEncodings = 0;
			knownRegions = (
				en,
			);
			mainGroup = 415132F41467F3850035356E;
			productRefGroup = 415133001467F3850035356E /* Products */;
			projectDirPath = "";
			projectRoot = "";
			targets = (
				415132FE1467F3850035356E /* CameraAnno */,
				4151331F1467F3850035356E /* CameraAnnoTests */,
			);
		};
/* End PBXProject section */

/* Begin PBXResourcesBuildPhase section */
		415132FD1467F3850035356E /* Resources */ = {
			isa = PBXResourcesBuildPhase;
			buildActionMask = 2147483647;
			files = (
				4151330E1467F3850035356E /* InfoPlist.strings in Resources */,
				4151331A1467F3850035356E /* ViewController.xib in Resources */,
				4169356A14694C2D004C86F6 /* Tab1Controller.xib in Resources */,
			);
			runOnlyForDeploymentPostprocessing = 0;
		};
		4151331D1467F3850035356E /* Resources */ = {
			isa = PBXResourcesBuildPhase;
			buildActionMask = 2147483647;
			files = (
				4151332C1467F3850035356E /* InfoPlist.strings in Resources */,
			);
			runOnlyForDeploymentPostprocessing = 0;
		};
/* End PBXResourcesBuildPhase section */

/* Begin PBXShellScriptBuildPhase section */
		4151331E1467F3850035356E /* ShellScript */ = {
			isa = PBXShellScriptBuildPhase;
			buildActionMask = 2147483647;
			files = (
			);
			inputPaths = (
			);
			outputPaths = (
			);
			runOnlyForDeploymentPostprocessing = 0;
			shellPath = /bin/sh;
			shellScript = "# Run the unit tests in this test bundle.\n\"${SYSTEM_DEVELOPER_DIR}/Tools/RunUnitTests\"\n";
		};
/* End PBXShellScriptBuildPhase section */

/* Begin PBXSourcesBuildPhase section */
		415132FB1467F3850035356E /* Sources */ = {
			isa = PBXSourcesBuildPhase;
			buildActionMask = 2147483647;
			files = (
				415133101467F3850035356E /* main.m in Sources */,
				415133141467F3850035356E /* AppDelegate.m in Sources */,
				415133171467F3850035356E /* ViewController.m in Sources */,
				4169356914694C2D004C86F6 /* Tab1Controller.m in Sources */,
			);
			runOnlyForDeploymentPostprocessing = 0;
		};
		4151331B1467F3850035356E /* Sources */ = {
			isa = PBXSourcesBuildPhase;
			buildActionMask = 2147483647;
			files = (
				4151332F1467F3850035356E /* CameraAnnoTests.m in Sources */,
			);
			runOnlyForDeploymentPostprocessing = 0;
		};
/* End PBXSourcesBuildPhase section */

/* Begin PBXTargetDependency section */
		415133261467F3850035356E /* PBXTargetDependency */ = {
			isa = PBXTargetDependency;
			target = 415132FE1467F3850035356E /* CameraAnno */;
			targetProxy = 415133251467F3850035356E /* PBXContainerItemProxy */;
		};
/* End PBXTargetDependency section */

/* Begin PBXVariantGroup section */
		4151330C1467F3850035356E /* InfoPlist.strings */ = {
			isa = PBXVariantGroup;
			children = (
				4151330D1467F3850035356E /* en */,
			);
			name = InfoPlist.strings;
			sourceTree = "<group>";
		};
		415133181467F3850035356E /* ViewController.xib */ = {
			isa = PBXVariantGroup;
			children = (
				415133191467F3850035356E /* en */,
			);
			name = ViewController.xib;
			sourceTree = "<group>";
		};
		4151332A1467F3850035356E /* InfoPlist.strings */ = {
			isa = PBXVariantGroup;
			children = (
				4151332B1467F3850035356E /* en */,
			);
			name = InfoPlist.strings;
			sourceTree = "<group>";
		};
/* End PBXVariantGroup section */

/* Begin XCBuildConfiguration section */
		415133301467F3850035356E /* Debug */ = {
			isa = XCBuildConfiguration;
			buildSettings = {
				ALWAYS_SEARCH_USER_PATHS = NO;
				ARCHS = "$(ARCHS_STANDARD_32_BIT)";
				"CODE_SIGN_IDENTITY[sdk=iphoneos*]" = "iPhone Developer";
				COPY_PHASE_STRIP = NO;
				GCC_C_LANGUAGE_STANDARD = gnu99;
				GCC_DYNAMIC_NO_PIC = NO;
				GCC_OPTIMIZATION_LEVEL = 0;
				GCC_PREPROCESSOR_DEFINITIONS = (
					"DEBUG=1",
					"$(inherited)",
				);
				GCC_SYMBOLS_PRIVATE_EXTERN = NO;
				GCC_VERSION = com.apple.compilers.llvm.clang.1_0;
				GCC_WARN_ABOUT_MISSING_PROTOTYPES = YES;
				GCC_WARN_ABOUT_RETURN_TYPE = YES;
				GCC_WARN_UNUSED_VARIABLE = YES;
				IPHONEOS_DEPLOYMENT_TARGET = 5.0;
				SDKROOT = iphoneos;
			};
			name = Debug;
		};
		415133311467F3850035356E /* Release */ = {
			isa = XCBuildConfiguration;
			buildSettings = {
				ALWAYS_SEARCH_USER_PATHS = NO;
				ARCHS = "$(ARCHS_STANDARD_32_BIT)";
				"CODE_SIGN_IDENTITY[sdk=iphoneos*]" = "iPhone Developer";
				COPY_PHASE_STRIP = YES;
				GCC_C_LANGUAGE_STANDARD = gnu99;
				GCC_VERSION = com.apple.compilers.llvm.clang.1_0;
				GCC_WARN_ABOUT_MISSING_PROTOTYPES = YES;
				GCC_WARN_ABOUT_RETURN_TYPE = YES;
				GCC_WARN_UNUSED_VARIABLE = YES;
				IPHONEOS_DEPLOYMENT_TARGET = 5.0;
				OTHER_CFLAGS = "-DNS_BLOCK_ASSERTIONS=1";
				SDKROOT = iphoneos;
				VALIDATE_PRODUCT = YES;
			};
			name = Release;
		};
		415133331467F3850035356E /* Debug */ = {
			isa = XCBuildConfiguration;
			buildSettings = {
				GCC_PRECOMPILE_PREFIX_HEADER = YES;
				GCC_PREFIX_HEADER = "CameraAnno/CameraAnno-Prefix.pch";
				INFOPLIST_FILE = "CameraAnno/CameraAnno-Info.plist";
				PRODUCT_NAME = "$(TARGET_NAME)";
				WRAPPER_EXTENSION = app;
			};
			name = Debug;
		};
		415133341467F3850035356E /* Release */ = {
			isa = XCBuildConfiguration;
			buildSettings = {
				GCC_PRECOMPILE_PREFIX_HEADER = YES;
				GCC_PREFIX_HEADER = "CameraAnno/CameraAnno-Prefix.pch";
				INFOPLIST_FILE = "CameraAnno/CameraAnno-Info.plist";
				PRODUCT_NAME = "$(TARGET_NAME)";
				WRAPPER_EXTENSION = app;
			};
			name = Release;
		};
		415133361467F3850035356E /* Debug */ = {
			isa = XCBuildConfiguration;
			buildSettings = {
				BUNDLE_LOADER = "$(BUILT_PRODUCTS_DIR)/CameraAnno.app/CameraAnno";
				FRAMEWORK_SEARCH_PATHS = (
					"$(SDKROOT)/Developer/Library/Frameworks",
					"$(DEVELOPER_LIBRARY_DIR)/Frameworks",
				);
				GCC_PRECOMPILE_PREFIX_HEADER = YES;
				GCC_PREFIX_HEADER = "CameraAnno/CameraAnno-Prefix.pch";
				INFOPLIST_FILE = "CameraAnnoTests/CameraAnnoTests-Info.plist";
				PRODUCT_NAME = "$(TARGET_NAME)";
				TEST_HOST = "$(BUNDLE_LOADER)";
				WRAPPER_EXTENSION = octest;
			};
			name = Debug;
		};
		415133371467F3850035356E /* Release */ = {
			isa = XCBuildConfiguration;
			buildSettings = {
				BUNDLE_LOADER = "$(BUILT_PRODUCTS_DIR)/CameraAnno.app/CameraAnno";
				FRAMEWORK_SEARCH_PATHS = (
					"$(SDKROOT)/Developer/Library/Frameworks",
					"$(DEVELOPER_LIBRARY_DIR)/Frameworks",
				);
				GCC_PRECOMPILE_PREFIX_HEADER = YES;
				GCC_PREFIX_HEADER = "CameraAnno/CameraAnno-Prefix.pch";
				INFOPLIST_FILE = "CameraAnnoTests/CameraAnnoTests-Info.plist";
				PRODUCT_NAME = "$(TARGET_NAME)";
				TEST_HOST = "$(BUNDLE_LOADER)";
				WRAPPER_EXTENSION = octest;
			};
			name = Release;
		};
/* End XCBuildConfiguration section */

/* Begin XCConfigurationList section */
		415132F91467F3850035356E /* Build configuration list for PBXProject "CameraAnno" */ = {
			isa = XCConfigurationList;
			buildConfigurations = (
				415133301467F3850035356E /* Debug */,
				415133311467F3850035356E /* Release */,
			);
			defaultConfigurationIsVisible = 0;
			defaultConfigurationName = Release;
		};
		415133321467F3850035356E /* Build configuration list for PBXNativeTarget "CameraAnno" */ = {
			isa = XCConfigurationList;
			buildConfigurations = (
				415133331467F3850035356E /* Debug */,
				415133341467F3850035356E /* Release */,
			);
			defaultConfigurationIsVisible = 0;
			defaultConfigurationName = Release;
		};
		415133351467F3850035356E /* Build configuration list for PBXNativeTarget "CameraAnnoTests" */ = {
			isa = XCConfigurationList;
			buildConfigurations = (
				415133361467F3850035356E /* Debug */,
				415133371467F3850035356E /* Release */,
			);
			defaultConfigurationIsVisible = 0;
			defaultConfigurationName = Release;
		};
/* End XCConfigurationList section */
	};
	rootObject = 415132F61467F3850035356E /* Project object */;
}
